// !$*UTF8*$!
{
	archiveVersion = 1;
	classes = {
	};
	objectVersion = 46;
	objects = {

/* Begin PBXBuildFile section */
		C9AEA8901BCDD0950042EE03 /* AppDelegate.swift in Sources */ = {isa = PBXBuildFile; fileRef = C9AEA88F1BCDD0950042EE03 /* AppDelegate.swift */; };
		C9AEA8921BCDD0950042EE03 /* ViewController.swift in Sources */ = {isa = PBXBuildFile; fileRef = C9AEA8911BCDD0950042EE03 /* ViewController.swift */; };
		C9AEA8951BCDD0950042EE03 /* Main.storyboard in Resources */ = {isa = PBXBuildFile; fileRef = C9AEA8931BCDD0950042EE03 /* Main.storyboard */; };
		C9AEA8971BCDD0950042EE03 /* Assets.xcassets in Resources */ = {isa = PBXBuildFile; fileRef = C9AEA8961BCDD0950042EE03 /* Assets.xcassets */; };
		C9AEA89A1BCDD0950042EE03 /* LaunchScreen.storyboard in Resources */ = {isa = PBXBuildFile; fileRef = C9AEA8981BCDD0950042EE03 /* LaunchScreen.storyboard */; };
/* End PBXBuildFile section */

/* Begin PBXFileReference section */
		C9AEA88C1BCDD0950042EE03 /* HelloWorld.app */ = {isa = PBXFileReference; explicitFileType = wrapper.application; includeInIndex = 0; path = HelloWorld.app; sourceTree = BUILT_PRODUCTS_DIR; };
		C9AEA88F1BCDD0950042EE03 /* AppDelegate.swift */ = {isa = PBXFileReference; lastKnownFileType = sourcecode.swift; path = AppDelegate.swift; sourceTree = "<group>"; };
		C9AEA8911BCDD0950042EE03 /* ViewController.swift */ = {isa = PBXFileReference; lastKnownFileType = sourcecode.swift; path = ViewController.swift; sourceTree = "<group>"; };
		C9AEA8941BCDD0950042EE03 /* Base */ = {isa = PBXFileReference; lastKnownFileType = file.storyboard; name = Base; path = Base.lproj/Main.storyboard; sourceTree = "<group>"; };
		C9AEA8961BCDD0950042EE03 /* Assets.xcassets */ = {isa = PBXFileReference; lastKnownFileType = folder.assetcatalog; path = Assets.xcassets; sourceTree = "<group>"; };
		C9AEA8991BCDD0950042EE03 /* Base */ = {isa = PBXFileReference; lastKnownFileType = file.storyboard; name = Base; path = Base.lproj/LaunchScreen.storyboard; sourceTree = "<group>"; };
		C9AEA89B1BCDD0950042EE03 /* Info.plist */ = {isa = PBXFileReference; lastKnownFileType = text.plist.xml; path = Info.plist; sourceTree = "<group>"; };
/* End PBXFileReference section */

/* Begin PBXFrameworksBuildPhase section */
		C9AEA8891BCDD0950042EE03 /* Frameworks */ = {
			isa = PBXFrameworksBuildPhase;
			buildActionMask = 2147483647;
			files = (
			);
			runOnlyForDeploymentPostprocessing = 0;
		};
/* End PBXFrameworksBuildPhase section */

/* Begin PBXGroup section */
		C9AEA8831BCDD0950042EE03 = {
			isa = PBXGroup;
			children = (
				C9AEA88E1BCDD0950042EE03 /* HelloWorld */,
				C9AEA88D1BCDD0950042EE03 /* Products */,
			);
			sourceTree = "<group>";
		};
		C9AEA88D1BCDD0950042EE03 /* Products */ = {
			isa = PBXGroup;
			children = (
				C9AEA88C1BCDD0950042EE03 /* HelloWorld.app */,
			);
			name = Products;
			sourceTree = "<group>";
		};
		C9AEA88E1BCDD0950042EE03 /* HelloWorld */ = {
			isa = PBXGroup;
			children = (
				C9AEA88F1BCDD0950042EE03 /* AppDelegate.swift */,
				C9AEA8911BCDD0950042EE03 /* ViewController.swift */,
				C9AEA8931BCDD0950042EE03 /* Main.storyboard */,
				C9AEA8961BCDD0950042EE03 /* Assets.xcassets */,
				C9AEA8981BCDD0950042EE03 /* LaunchScreen.storyboard */,
				C9AEA89B1BCDD0950042EE03 /* Info.plist */,
			);
			path = HelloWorld;
			sourceTree = "<group>";
		};
/* End PBXGroup section */

/* Begin PBXNativeTarget section */
		C9AEA88B1BCDD0950042EE03 /* HelloWorld */ = {
			isa = PBXNativeTarget;
			buildConfigurationList = C9AEA89E1BCDD0950042EE03 /* Build configuration list for PBXNativeTarget "HelloWorld" */;
			buildPhases = (
				C9AEA8881BCDD0950042EE03 /* Sources */,
				C9AEA8891BCDD0950042EE03 /* Frameworks */,
				C9AEA88A1BCDD0950042EE03 /* Resources */,
			);
			buildRules = (
			);
			dependencies = (
			);
			name = HelloWorld;
			productName = HelloWorld;
			productReference = C9AEA88C1BCDD0950042EE03 /* HelloWorld.app */;
			productType = "com.apple.product-type.application";
		};
/* End PBXNativeTarget section */

/* Begin PBXProject section */
		C9AEA8841BCDD0950042EE03 /* Project object */ = {
			isa = PBXProject;
			attributes = {
				LastUpgradeCheck = 0700;
				ORGANIZATIONNAME = "Raphael Silva";
				TargetAttributes = {
					C9AEA88B1BCDD0950042EE03 = {
						CreatedOnToolsVersion = 7.0.1;
					};
				};
			};
			buildConfigurationList = C9AEA8871BCDD0950042EE03 /* Build configuration list for PBXProject "HelloWorld" */;
			compatibilityVersion = "Xcode 3.2";
			developmentRegion = English;
			hasScannedForEncodings = 0;
			knownRegions = (
				en,
				Base,
			);
			mainGroup = C9AEA8831BCDD0950042EE03;
			productRefGroup = C9AEA88D1BCDD0950042EE03 /* Products */;
			projectDirPath = "";
			projectRoot = "";
			targets = (
				C9AEA88B1BCDD0950042EE03 /* HelloWorld */,
			);
		};
/* End PBXProject section */

/* Begin PBXResourcesBuildPhase section */
		C9AEA88A1BCDD0950042EE03 /* Resources */ = {
			isa = PBXResourcesBuildPhase;
			buildActionMask = 2147483647;
			files = (
				C9AEA89A1BCDD0950042EE03 /* LaunchScreen.storyboard in Resources */,
				C9AEA8971BCDD0950042EE03 /* Assets.xcassets in Resources */,
				C9AEA8951BCDD0950042EE03 /* Main.storyboard in Resources */,
			);
			runOnlyForDeploymentPostprocessing = 0;
		};
/* End PBXResourcesBuildPhase section */

/* Begin PBXSourcesBuildPhase section */
		C9AEA8881BCDD0950042EE03 /* Sources */ = {
			isa = PBXSourcesBuildPhase;
			buildActionMask = 2147483647;
			files = (
				C9AEA8921BCDD0950042EE03 /* ViewController.swift in Sources */,
				C9AEA8901BCDD0950042EE03 /* AppDelegate.swift in Sources */,
			);
			runOnlyForDeploymentPostprocessing = 0;
		};
/* End PBXSourcesBuildPhase section */

/* Begin PBXVariantGroup section */
		C9AEA8931BCDD0950042EE03 /* Main.storyboard */ = {
			isa = PBXVariantGroup;
			children = (
				C9AEA8941BCDD0950042EE03 /* Base */,
			);
			name = Main.storyboard;
			sourceTree = "<group>";
		};
		C9AEA8981BCDD0950042EE03 /* LaunchScreen.storyboard */ = {
			isa = PBXVariantGroup;
			children = (
				C9AEA8991BCDD0950042EE03 /* Base */,
			);
			name = LaunchScreen.storyboard;
			sourceTree = "<group>";
		};
/* End PBXVariantGroup section */

/* Begin XCBuildConfiguration section */
		C9AEA89C1BCDD0950042EE03 /* Debug */ = {
			isa = XCBuildConfiguration;
			buildSettings = {
				ALWAYS_SEARCH_USER_PATHS = NO;
				CLANG_CXX_LANGUAGE_STANDARD = "gnu++0x";
				CLANG_CXX_LIBRARY = "libc++";
				CLANG_ENABLE_MODULES = YES;
				CLANG_ENABLE_OBJC_ARC = YES;
				CLANG_WARN_BOOL_CONVERSION = YES;
				CLANG_WARN_CONSTANT_CONVERSION = YES;
				CLANG_WARN_DIRECT_OBJC_ISA_USAGE = YES_ERROR;
				CLANG_WARN_EMPTY_BODY = YES;
				CLANG_WARN_ENUM_CONVERSION = YES;
				CLANG_WARN_INT_CONVERSION = YES;
				CLANG_WARN_OBJC_ROOT_CLASS = YES_ERROR;
				CLANG_WARN_UNREACHABLE_CODE = YES;
				CLANG_WARN__DUPLICATE_METHOD_MATCH = YES;
				"CODE_SIGN_IDENTITY[sdk=iphoneos*]" = "iPhone Developer";
				COPY_PHASE_STRIP = NO;
				DEBUG_INFORMATION_FORMAT = dwarf;
				ENABLE_STRICT_OBJC_MSGSEND = YES;
				ENABLE_TESTABILITY = YES;
				GCC_C_LANGUAGE_STANDARD = gnu99;
				GCC_DYNAMIC_NO_PIC = NO;
				GCC_NO_COMMON_BLOCKS = YES;
				GCC_OPTIMIZATION_LEVEL = 0;
				GCC_PREPROCESSOR_DEFINITIONS = (
					"DEBUG=1",
					"$(inherited)",
				);
				GCC_WARN_64_TO_32_BIT_CONVERSION = YES;
				GCC_WARN_ABOUT_RETURN_TYPE = YES_ERROR;
				GCC_WARN_UNDECLARED_SELECTOR = YES;
				GCC_WARN_UNINITIALIZED_AUTOS = YES_AGGRESSIVE;
				GCC_WARN_UNUSED_FUNCTION = YES;
				GCC_WARN_UNUSED_VARIABLE = YES;
				IPHONEOS_DEPLOYMENT_TARGET = 9.0;
				MTL_ENABLE_DEBUG_INFO = YES;
				ONLY_ACTIVE_ARCH = YES;
				SDKROOT = iphoneos;
				SWIFT_OPTIMIZATION_LEVEL = "-Onone";
			};
			name = Debug;
		};
		C9AEA89D1BCDD0950042EE03 /* Release */ = {
			isa = XCBuildConfiguration;
			buildSettings = {
				ALWAYS_SEARCH_USER_PATHS = NO;
				CLANG_CXX_LANGUAGE_STANDARD = "gnu++0x";
				CLANG_CXX_LIBRARY = "libc++";
				CLANG_ENABLE_MODULES = YES;
				CLANG_ENABLE_OBJC_ARC = YES;
				CLANG_WARN_BOOL_CONVERSION = YES;
				CLANG_WARN_CONSTANT_CONVERSION = YES;
				CLANG_WARN_DIRECT_OBJC_ISA_USAGE = YES_ERROR;
				CLANG_WARN_EMPTY_BODY = YES;
				CLANG_WARN_ENUM_CONVERSION = YES;
				CLANG_WARN_INT_CONVERSION = YES;
				CLANG_WARN_OBJC_ROOT_CLASS = YES_ERROR;
				CLANG_WARN_UNREACHABLE_CODE = YES;
				CLANG_WARN__DUPLICATE_METHOD_MATCH = YES;
				"CODE_SIGN_IDENTITY[sdk=iphoneos*]" = "iPhone Developer";
				COPY_PHASE_STRIP = NO;
				DEBUG_INFORMATION_FORMAT = "dwarf-with-dsym";
				ENABLE_NS_ASSERTIONS = NO;
				ENABLE_STRICT_OBJC_MSGSEND = YES;
				GCC_C_LANGUAGE_STANDARD = gnu99;
				GCC_NO_COMMON_BLOCKS = YES;
				GCC_WARN_64_TO_32_BIT_CONVERSION = YES;
				GCC_WARN_ABOUT_RETURN_TYPE = YES_ERROR;
				GCC_WARN_UNDECLARED_SELECTOR = YES;
				GCC_WARN_UNINITIALIZED_AUTOS = YES_AGGRESSIVE;
				GCC_WARN_UNUSED_FUNCTION = YES;
				GCC_WARN_UNUSED_VARIABLE = YES;
				IPHONEOS_DEPLOYMENT_TARGET = 9.0;
				MTL_ENABLE_DEBUG_INFO = NO;
				SDKROOT = iphoneos;
				VALIDATE_PRODUCT = YES;
			};
			name = Release;
		};
		C9AEA89F1BCDD0950042EE03 /* Debug */ = {
			isa = XCBuildConfiguration;
			buildSettings = {
				ASSETCATALOG_COMPILER_APPICON_NAME = AppIcon;
				INFOPLIST_FILE = HelloWorld/Info.plist;
				LD_RUNPATH_SEARCH_PATHS = "$(inherited) @executable_path/Frameworks";
				PRODUCT_BUNDLE_IDENTIFIER = com.peagasilva.HelloWorld;
				PRODUCT_NAME = "$(TARGET_NAME)";
			};
			name = Debug;
		};
		C9AEA8A01BCDD0950042EE03 /* Release */ = {
			isa = XCBuildConfiguration;
			buildSettings = {
				ASSETCATALOG_COMPILER_APPICON_NAME = AppIcon;
				INFOPLIST_FILE = HelloWorld/Info.plist;
				LD_RUNPATH_SEARCH_PATHS = "$(inherited) @executable_path/Frameworks";
				PRODUCT_BUNDLE_IDENTIFIER = com.peagasilva.HelloWorld;
				PRODUCT_NAME = "$(TARGET_NAME)";
			};
			name = Release;
		};
/* End XCBuildConfiguration section */

/* Begin XCConfigurationList section */
		C9AEA8871BCDD0950042EE03 /* Build configuration list for PBXProject "HelloWorld" */ = {
			isa = XCConfigurationList;
			buildConfigurations = (
				C9AEA89C1BCDD0950042EE03 /* Debug */,
				C9AEA89D1BCDD0950042EE03 /* Release */,
			);
			defaultConfigurationIsVisible = 0;
			defaultConfigurationName = Release;
		};
		C9AEA89E1BCDD0950042EE03 /* Build configuration list for PBXNativeTarget "HelloWorld" */ = {
			isa = XCConfigurationList;
			buildConfigurations = (
				C9AEA89F1BCDD0950042EE03 /* Debug */,
				C9AEA8A01BCDD0950042EE03 /* Release */,
			);
			defaultConfigurationIsVisible = 0;
		};
/* End XCConfigurationList section */
	};
	rootObject = C9AEA8841BCDD0950042EE03 /* Project object */;
}
